
Microsoft Visual Studio Solution File, Format Version 12.00
# Visual Studio Version 16
VisualStudioVersion = 16.0.28527.54
MinimumVisualStudioVersion = 10.0.40219.1
Project("{FAE04EC0-301F-11D3-BF4B-00C04F79EFBC}") = "quickDapper", "quickDapper\quickDapper.csproj", "{B606C58D-5E8B-466A-9B29-93B441DDB994}"
EndProject
Project("{FAE04EC0-301F-11D3-BF4B-00C04F79EFBC}") = "quickDapperTest", "quickDapperTest\quickDapperTest.csproj", "{9B9C95AF-CF00-433E-B60F-CAED64D8EDC9}"
EndProject
Global
	GlobalSection(SolutionConfigurationPlatforms) = preSolution
		Debug|Any CPU = Debug|Any CPU
		Release|Any CPU = Release|Any CPU
	EndGlobalSection
	GlobalSection(ProjectConfigurationPlatforms) = postSolution
		{B606C58D-5E8B-466A-9B29-93B441DDB994}.Debug|Any CPU.ActiveCfg = Debug|Any CPU
		{B606C58D-5E8B-466A-9B29-93B441DDB994}.Debug|Any CPU.Build.0 = Debug|Any CPU
		{B606C58D-5E8B-466A-9B29-93B441DDB994}.Release|Any CPU.ActiveCfg = Release|Any CPU
		{B606C58D-5E8B-466A-9B29-93B441DDB994}.Release|Any CPU.Build.0 = Release|Any CPU
		{9B9C95AF-CF00-433E-B60F-CAED64D8EDC9}.Debug|Any CPU.ActiveCfg = Debug|Any CPU
		{9B9C95AF-CF00-433E-B60F-CAED64D8EDC9}.Debug|Any CPU.Build.0 = Debug|Any CPU
		{9B9C95AF-CF00-433E-B60F-CAED64D8EDC9}.Release|Any CPU.ActiveCfg = Release|Any CPU
		{9B9C95AF-CF00-433E-B60F-CAED64D8EDC9}.Release|Any CPU.Build.0 = Release|Any CPU
	EndGlobalSection
	GlobalSection(SolutionProperties) = preSolution
		HideSolutionNode = FALSE
	EndGlobalSection
	GlobalSection(ExtensibilityGlobals) = postSolution
		SolutionGuid = {AC8BB58B-2F1C-4203-A901-CCFC667193B5}
	EndGlobalSection
EndGlobal
